
Microsoft Visual Studio Solution File, Format Version 12.00
# Visual Studio Version 16
VisualStudioVersion = 16.0.31005.135
MinimumVisualStudioVersion = 10.0.40219.1
Project("{FAE04EC0-301F-11D3-BF4B-00C04F79EFBC}") = "NetFramework_SingalR_WithoutIIS_Server_demo", "NetFramework_SingalR_WithoutIIS_Server_demo\NetFramework_SingalR_WithoutIIS_Server_demo.csproj", "{6BCAD53F-6593-425B-827A-1BE5D024A0F8}"
EndProject
Global
	GlobalSection(SolutionConfigurationPlatforms) = preSolution
		Debug|Any CPU = Debug|Any CPU
		Release|Any CPU = Release|Any CPU
	EndGlobalSection
	GlobalSection(ProjectConfigurationPlatforms) = postSolution
		{6BCAD53F-6593-425B-827A-1BE5D024A0F8}.Debug|Any CPU.ActiveCfg = Debug|Any CPU
		{6BCAD53F-6593-425B-827A-1BE5D024A0F8}.Debug|Any CPU.Build.0 = Debug|Any CPU
		{6BCAD53F-6593-425B-827A-1BE5D024A0F8}.Release|Any CPU.ActiveCfg = Release|Any CPU
		{6BCAD53F-6593-425B-827A-1BE5D024A0F8}.Release|Any CPU.Build.0 = Release|Any CPU
	EndGlobalSection
	GlobalSection(SolutionProperties) = preSolution
		HideSolutionNode = FALSE
	EndGlobalSection
	GlobalSection(ExtensibilityGlobals) = postSolution
		SolutionGuid = {8BEC4B76-A2CF-4E16-8271-73DEC591B640}
	EndGlobalSection
EndGlobal
